// !$*UTF8*$!
{
	archiveVersion = 1;
	classes = {
	};
	objectVersion = 56;
	objects = {

/* Begin PBXBuildFile section */
		630F2F0B2BC6338400FF9C08 /* AppDelegate.swift in Sources */ = {isa = PBXBuildFile; fileRef = 630F2F0A2BC6338400FF9C08 /* AppDelegate.swift */; };
		630F2F0D2BC6338400FF9C08 /* SceneDelegate.swift in Sources */ = {isa = PBXBuildFile; fileRef = 630F2F0C2BC6338400FF9C08 /* SceneDelegate.swift */; };
		630F2F0F2BC6338400FF9C08 /* ViewController.swift in Sources */ = {isa = PBXBuildFile; fileRef = 630F2F0E2BC6338400FF9C08 /* ViewController.swift */; };
		630F2F122BC6338400FF9C08 /* Main.storyboard in Resources */ = {isa = PBXBuildFile; fileRef = 630F2F102BC6338400FF9C08 /* Main.storyboard */; };
		630F2F142BC6338500FF9C08 /* Assets.xcassets in Resources */ = {isa = PBXBuildFile; fileRef = 630F2F132BC6338500FF9C08 /* Assets.xcassets */; };
		630F2F172BC6338500FF9C08 /* LaunchScreen.storyboard in Resources */ = {isa = PBXBuildFile; fileRef = 630F2F152BC6338500FF9C08 /* LaunchScreen.storyboard */; };
		6312E6D72BCFE82200627454 /* FitnessGoalViewController.swift in Sources */ = {isa = PBXBuildFile; fileRef = 6312E6D62BCFE82200627454 /* FitnessGoalViewController.swift */; };
		63B587B42BCFCB7100DE0C95 /* SetGoalViewController.swift in Sources */ = {isa = PBXBuildFile; fileRef = 63B587B32BCFCB7100DE0C95 /* SetGoalViewController.swift */; };
		63D3673C2BD0E00E004E61B0 /* PersonalDetailsViewController.swift in Sources */ = {isa = PBXBuildFile; fileRef = 63D3673B2BD0E00E004E61B0 /* PersonalDetailsViewController.swift */; };
		63D3673F2BD0E848004E61B0 /* CustomGoalUIPickerView.swift in Sources */ = {isa = PBXBuildFile; fileRef = 63D3673E2BD0E848004E61B0 /* CustomGoalUIPickerView.swift */; };
		63D367412BD0F240004E61B0 /* StartJourneyViewController.swift in Sources */ = {isa = PBXBuildFile; fileRef = 63D367402BD0F240004E61B0 /* StartJourneyViewController.swift */; };
/* End PBXBuildFile section */

/* Begin PBXFileReference section */
		630F2F072BC6338400FF9C08 /* VisualFit.app */ = {isa = PBXFileReference; explicitFileType = wrapper.application; includeInIndex = 0; path = VisualFit.app; sourceTree = BUILT_PRODUCTS_DIR; };
		630F2F0A2BC6338400FF9C08 /* AppDelegate.swift */ = {isa = PBXFileReference; lastKnownFileType = sourcecode.swift; path = AppDelegate.swift; sourceTree = "<group>"; };
		630F2F0C2BC6338400FF9C08 /* SceneDelegate.swift */ = {isa = PBXFileReference; lastKnownFileType = sourcecode.swift; path = SceneDelegate.swift; sourceTree = "<group>"; };
		630F2F0E2BC6338400FF9C08 /* ViewController.swift */ = {isa = PBXFileReference; lastKnownFileType = sourcecode.swift; path = ViewController.swift; sourceTree = "<group>"; };
		630F2F112BC6338400FF9C08 /* Base */ = {isa = PBXFileReference; lastKnownFileType = file.storyboard; name = Base; path = Base.lproj/Main.storyboard; sourceTree = "<group>"; };
		630F2F132BC6338500FF9C08 /* Assets.xcassets */ = {isa = PBXFileReference; lastKnownFileType = folder.assetcatalog; path = Assets.xcassets; sourceTree = "<group>"; };
		630F2F162BC6338500FF9C08 /* Base */ = {isa = PBXFileReference; lastKnownFileType = file.storyboard; name = Base; path = Base.lproj/LaunchScreen.storyboard; sourceTree = "<group>"; };
		630F2F182BC6338500FF9C08 /* Info.plist */ = {isa = PBXFileReference; lastKnownFileType = text.plist.xml; path = Info.plist; sourceTree = "<group>"; };
		6312E6D62BCFE82200627454 /* FitnessGoalViewController.swift */ = {isa = PBXFileReference; lastKnownFileType = sourcecode.swift; path = FitnessGoalViewController.swift; sourceTree = "<group>"; };
		63B587B32BCFCB7100DE0C95 /* SetGoalViewController.swift */ = {isa = PBXFileReference; lastKnownFileType = sourcecode.swift; path = SetGoalViewController.swift; sourceTree = "<group>"; };
		63D3673B2BD0E00E004E61B0 /* PersonalDetailsViewController.swift */ = {isa = PBXFileReference; lastKnownFileType = sourcecode.swift; path = PersonalDetailsViewController.swift; sourceTree = "<group>"; };
		63D3673E2BD0E848004E61B0 /* CustomGoalUIPickerView.swift */ = {isa = PBXFileReference; lastKnownFileType = sourcecode.swift; path = CustomGoalUIPickerView.swift; sourceTree = "<group>"; };
		63D367402BD0F240004E61B0 /* StartJourneyViewController.swift */ = {isa = PBXFileReference; lastKnownFileType = sourcecode.swift; path = StartJourneyViewController.swift; sourceTree = "<group>"; };
/* End PBXFileReference section */

/* Begin PBXFrameworksBuildPhase section */
		630F2F042BC6338400FF9C08 /* Frameworks */ = {
			isa = PBXFrameworksBuildPhase;
			buildActionMask = 2147483647;
			files = (
			);
			runOnlyForDeploymentPostprocessing = 0;
		};
/* End PBXFrameworksBuildPhase section */

/* Begin PBXGroup section */
		630F2EFE2BC6338400FF9C08 = {
			isa = PBXGroup;
			children = (
				630F2F092BC6338400FF9C08 /* VisualFit */,
				630F2F082BC6338400FF9C08 /* Products */,
			);
			sourceTree = "<group>";
		};
		630F2F082BC6338400FF9C08 /* Products */ = {
			isa = PBXGroup;
			children = (
				630F2F072BC6338400FF9C08 /* VisualFit.app */,
			);
			name = Products;
			sourceTree = "<group>";
		};
		630F2F092BC6338400FF9C08 /* VisualFit */ = {
			isa = PBXGroup;
			children = (
				63D3673D2BD0E830004E61B0 /* Components */,
				63B587B22BCFCB5000DE0C95 /* Controllers */,
				630F2F0A2BC6338400FF9C08 /* AppDelegate.swift */,
				630F2F0C2BC6338400FF9C08 /* SceneDelegate.swift */,
				630F2F0E2BC6338400FF9C08 /* ViewController.swift */,
				630F2F102BC6338400FF9C08 /* Main.storyboard */,
				630F2F132BC6338500FF9C08 /* Assets.xcassets */,
				630F2F152BC6338500FF9C08 /* LaunchScreen.storyboard */,
				630F2F182BC6338500FF9C08 /* Info.plist */,
			);
			path = VisualFit;
			sourceTree = "<group>";
		};
		63B587B22BCFCB5000DE0C95 /* Controllers */ = {
			isa = PBXGroup;
			children = (
				63B587B32BCFCB7100DE0C95 /* SetGoalViewController.swift */,
				6312E6D62BCFE82200627454 /* FitnessGoalViewController.swift */,
				63D3673B2BD0E00E004E61B0 /* PersonalDetailsViewController.swift */,
				63D367402BD0F240004E61B0 /* StartJourneyViewController.swift */,
			);
			path = Controllers;
			sourceTree = "<group>";
		};
		63D3673D2BD0E830004E61B0 /* Components */ = {
			isa = PBXGroup;
			children = (
				63D3673E2BD0E848004E61B0 /* CustomGoalUIPickerView.swift */,
			);
			path = Components;
			sourceTree = "<group>";
		};
/* End PBXGroup section */

/* Begin PBXNativeTarget section */
		630F2F062BC6338400FF9C08 /* VisualFit */ = {
			isa = PBXNativeTarget;
			buildConfigurationList = 630F2F1B2BC6338500FF9C08 /* Build configuration list for PBXNativeTarget "VisualFit" */;
			buildPhases = (
				630F2F032BC6338400FF9C08 /* Sources */,
				630F2F042BC6338400FF9C08 /* Frameworks */,
				630F2F052BC6338400FF9C08 /* Resources */,
			);
			buildRules = (
			);
			dependencies = (
			);
			name = VisualFit;
			productName = VisualFit;
			productReference = 630F2F072BC6338400FF9C08 /* VisualFit.app */;
			productType = "com.apple.product-type.application";
		};
/* End PBXNativeTarget section */

/* Begin PBXProject section */
		630F2EFF2BC6338400FF9C08 /* Project object */ = {
			isa = PBXProject;
			attributes = {
				BuildIndependentTargetsInParallel = 1;
				LastSwiftUpdateCheck = 1510;
				LastUpgradeCheck = 1510;
				TargetAttributes = {
					630F2F062BC6338400FF9C08 = {
						CreatedOnToolsVersion = 15.1;
					};
				};
			};
			buildConfigurationList = 630F2F022BC6338400FF9C08 /* Build configuration list for PBXProject "VisualFit" */;
			compatibilityVersion = "Xcode 14.0";
			developmentRegion = en;
			hasScannedForEncodings = 0;
			knownRegions = (
				en,
				Base,
			);
			mainGroup = 630F2EFE2BC6338400FF9C08;
			productRefGroup = 630F2F082BC6338400FF9C08 /* Products */;
			projectDirPath = "";
			projectRoot = "";
			targets = (
				630F2F062BC6338400FF9C08 /* VisualFit */,
			);
		};
/* End PBXProject section */

/* Begin PBXResourcesBuildPhase section */
		630F2F052BC6338400FF9C08 /* Resources */ = {
			isa = PBXResourcesBuildPhase;
			buildActionMask = 2147483647;
			files = (
				630F2F172BC6338500FF9C08 /* LaunchScreen.storyboard in Resources */,
				630F2F142BC6338500FF9C08 /* Assets.xcassets in Resources */,
				630F2F122BC6338400FF9C08 /* Main.storyboard in Resources */,
			);
			runOnlyForDeploymentPostprocessing = 0;
		};
/* End PBXResourcesBuildPhase section */

/* Begin PBXSourcesBuildPhase section */
		630F2F032BC6338400FF9C08 /* Sources */ = {
			isa = PBXSourcesBuildPhase;
			buildActionMask = 2147483647;
			files = (
				63D367412BD0F240004E61B0 /* StartJourneyViewController.swift in Sources */,
				6312E6D72BCFE82200627454 /* FitnessGoalViewController.swift in Sources */,
				63D3673F2BD0E848004E61B0 /* CustomGoalUIPickerView.swift in Sources */,
				63D3673C2BD0E00E004E61B0 /* PersonalDetailsViewController.swift in Sources */,
				63B587B42BCFCB7100DE0C95 /* SetGoalViewController.swift in Sources */,
				630F2F0F2BC6338400FF9C08 /* ViewController.swift in Sources */,
				630F2F0B2BC6338400FF9C08 /* AppDelegate.swift in Sources */,
				630F2F0D2BC6338400FF9C08 /* SceneDelegate.swift in Sources */,
			);
			runOnlyForDeploymentPostprocessing = 0;
		};
/* End PBXSourcesBuildPhase section */

/* Begin PBXVariantGroup section */
		630F2F102BC6338400FF9C08 /* Main.storyboard */ = {
			isa = PBXVariantGroup;
			children = (
				630F2F112BC6338400FF9C08 /* Base */,
			);
			name = Main.storyboard;
			sourceTree = "<group>";
		};
		630F2F152BC6338500FF9C08 /* LaunchScreen.storyboard */ = {
			isa = PBXVariantGroup;
			children = (
				630F2F162BC6338500FF9C08 /* Base */,
			);
			name = LaunchScreen.storyboard;
			sourceTree = "<group>";
		};
/* End PBXVariantGroup section */

/* Begin XCBuildConfiguration section */
		630F2F192BC6338500FF9C08 /* Debug */ = {
			isa = XCBuildConfiguration;
			buildSettings = {
				ALWAYS_SEARCH_USER_PATHS = NO;
				ASSETCATALOG_COMPILER_GENERATE_SWIFT_ASSET_SYMBOL_EXTENSIONS = YES;
				CLANG_ANALYZER_NONNULL = YES;
				CLANG_ANALYZER_NUMBER_OBJECT_CONVERSION = YES_AGGRESSIVE;
				CLANG_CXX_LANGUAGE_STANDARD = "gnu++20";
				CLANG_ENABLE_MODULES = YES;
				CLANG_ENABLE_OBJC_ARC = YES;
				CLANG_ENABLE_OBJC_WEAK = YES;
				CLANG_WARN_BLOCK_CAPTURE_AUTORELEASING = YES;
				CLANG_WARN_BOOL_CONVERSION = YES;
				CLANG_WARN_COMMA = YES;
				CLANG_WARN_CONSTANT_CONVERSION = YES;
				CLANG_WARN_DEPRECATED_OBJC_IMPLEMENTATIONS = YES;
				CLANG_WARN_DIRECT_OBJC_ISA_USAGE = YES_ERROR;
				CLANG_WARN_DOCUMENTATION_COMMENTS = YES;
				CLANG_WARN_EMPTY_BODY = YES;
				CLANG_WARN_ENUM_CONVERSION = YES;
				CLANG_WARN_INFINITE_RECURSION = YES;
				CLANG_WARN_INT_CONVERSION = YES;
				CLANG_WARN_NON_LITERAL_NULL_CONVERSION = YES;
				CLANG_WARN_OBJC_IMPLICIT_RETAIN_SELF = YES;
				CLANG_WARN_OBJC_LITERAL_CONVERSION = YES;
				CLANG_WARN_OBJC_ROOT_CLASS = YES_ERROR;
				CLANG_WARN_QUOTED_INCLUDE_IN_FRAMEWORK_HEADER = YES;
				CLANG_WARN_RANGE_LOOP_ANALYSIS = YES;
				CLANG_WARN_STRICT_PROTOTYPES = YES;
				CLANG_WARN_SUSPICIOUS_MOVE = YES;
				CLANG_WARN_UNGUARDED_AVAILABILITY = YES_AGGRESSIVE;
				CLANG_WARN_UNREACHABLE_CODE = YES;
				CLANG_WARN__DUPLICATE_METHOD_MATCH = YES;
				COPY_PHASE_STRIP = NO;
				DEBUG_INFORMATION_FORMAT = dwarf;
				ENABLE_STRICT_OBJC_MSGSEND = YES;
				ENABLE_TESTABILITY = YES;
				ENABLE_USER_SCRIPT_SANDBOXING = YES;
				GCC_C_LANGUAGE_STANDARD = gnu17;
				GCC_DYNAMIC_NO_PIC = NO;
				GCC_NO_COMMON_BLOCKS = YES;
				GCC_OPTIMIZATION_LEVEL = 0;
				GCC_PREPROCESSOR_DEFINITIONS = (
					"DEBUG=1",
					"$(inherited)",
				);
				GCC_WARN_64_TO_32_BIT_CONVERSION = YES;
				GCC_WARN_ABOUT_RETURN_TYPE = YES_ERROR;
				GCC_WARN_UNDECLARED_SELECTOR = YES;
				GCC_WARN_UNINITIALIZED_AUTOS = YES_AGGRESSIVE;
				GCC_WARN_UNUSED_FUNCTION = YES;
				GCC_WARN_UNUSED_VARIABLE = YES;
				IPHONEOS_DEPLOYMENT_TARGET = 17.2;
				LOCALIZATION_PREFERS_STRING_CATALOGS = YES;
				MTL_ENABLE_DEBUG_INFO = INCLUDE_SOURCE;
				MTL_FAST_MATH = YES;
				ONLY_ACTIVE_ARCH = YES;
				SDKROOT = iphoneos;
				SWIFT_ACTIVE_COMPILATION_CONDITIONS = "DEBUG $(inherited)";
				SWIFT_OPTIMIZATION_LEVEL = "-Onone";
			};
			name = Debug;
		};
		630F2F1A2BC6338500FF9C08 /* Release */ = {
			isa = XCBuildConfiguration;
			buildSettings = {
				ALWAYS_SEARCH_USER_PATHS = NO;
				ASSETCATALOG_COMPILER_GENERATE_SWIFT_ASSET_SYMBOL_EXTENSIONS = YES;
				CLANG_ANALYZER_NONNULL = YES;
				CLANG_ANALYZER_NUMBER_OBJECT_CONVERSION = YES_AGGRESSIVE;
				CLANG_CXX_LANGUAGE_STANDARD = "gnu++20";
				CLANG_ENABLE_MODULES = YES;
				CLANG_ENABLE_OBJC_ARC = YES;
				CLANG_ENABLE_OBJC_WEAK = YES;
				CLANG_WARN_BLOCK_CAPTURE_AUTORELEASING = YES;
				CLANG_WARN_BOOL_CONVERSION = YES;
				CLANG_WARN_COMMA = YES;
				CLANG_WARN_CONSTANT_CONVERSION = YES;
				CLANG_WARN_DEPRECATED_OBJC_IMPLEMENTATIONS = YES;
				CLANG_WARN_DIRECT_OBJC_ISA_USAGE = YES_ERROR;
				CLANG_WARN_DOCUMENTATION_COMMENTS = YES;
				CLANG_WARN_EMPTY_BODY = YES;
				CLANG_WARN_ENUM_CONVERSION = YES;
				CLANG_WARN_INFINITE_RECURSION = YES;
				CLANG_WARN_INT_CONVERSION = YES;
				CLANG_WARN_NON_LITERAL_NULL_CONVERSION = YES;
				CLANG_WARN_OBJC_IMPLICIT_RETAIN_SELF = YES;
				CLANG_WARN_OBJC_LITERAL_CONVERSION = YES;
				CLANG_WARN_OBJC_ROOT_CLASS = YES_ERROR;
				CLANG_WARN_QUOTED_INCLUDE_IN_FRAMEWORK_HEADER = YES;
				CLANG_WARN_RANGE_LOOP_ANALYSIS = YES;
				CLANG_WARN_STRICT_PROTOTYPES = YES;
				CLANG_WARN_SUSPICIOUS_MOVE = YES;
				CLANG_WARN_UNGUARDED_AVAILABILITY = YES_AGGRESSIVE;
				CLANG_WARN_UNREACHABLE_CODE = YES;
				CLANG_WARN__DUPLICATE_METHOD_MATCH = YES;
				COPY_PHASE_STRIP = NO;
				DEBUG_INFORMATION_FORMAT = "dwarf-with-dsym";
				ENABLE_NS_ASSERTIONS = NO;
				ENABLE_STRICT_OBJC_MSGSEND = YES;
				ENABLE_USER_SCRIPT_SANDBOXING = YES;
				GCC_C_LANGUAGE_STANDARD = gnu17;
				GCC_NO_COMMON_BLOCKS = YES;
				GCC_WARN_64_TO_32_BIT_CONVERSION = YES;
				GCC_WARN_ABOUT_RETURN_TYPE = YES_ERROR;
				GCC_WARN_UNDECLARED_SELECTOR = YES;
				GCC_WARN_UNINITIALIZED_AUTOS = YES_AGGRESSIVE;
				GCC_WARN_UNUSED_FUNCTION = YES;
				GCC_WARN_UNUSED_VARIABLE = YES;
				IPHONEOS_DEPLOYMENT_TARGET = 17.2;
				LOCALIZATION_PREFERS_STRING_CATALOGS = YES;
				MTL_ENABLE_DEBUG_INFO = NO;
				MTL_FAST_MATH = YES;
				SDKROOT = iphoneos;
				SWIFT_COMPILATION_MODE = wholemodule;
				VALIDATE_PRODUCT = YES;
			};
			name = Release;
		};
		630F2F1C2BC6338500FF9C08 /* Debug */ = {
			isa = XCBuildConfiguration;
			buildSettings = {
				ASSETCATALOG_COMPILER_APPICON_NAME = AppIcon;
				ASSETCATALOG_COMPILER_GLOBAL_ACCENT_COLOR_NAME = AccentColor;
				CODE_SIGN_STYLE = Automatic;
				CURRENT_PROJECT_VERSION = 1;
				DEVELOPMENT_TEAM = 49J567AKZX;
				GENERATE_INFOPLIST_FILE = YES;
				INFOPLIST_FILE = VisualFit/Info.plist;
				INFOPLIST_KEY_UIApplicationSupportsIndirectInputEvents = YES;
				INFOPLIST_KEY_UILaunchStoryboardName = LaunchScreen;
				INFOPLIST_KEY_UIMainStoryboardFile = Main;
				INFOPLIST_KEY_UISupportedInterfaceOrientations_iPad = "UIInterfaceOrientationPortrait UIInterfaceOrientationPortraitUpsideDown UIInterfaceOrientationLandscapeLeft UIInterfaceOrientationLandscapeRight";
				INFOPLIST_KEY_UISupportedInterfaceOrientations_iPhone = "UIInterfaceOrientationPortrait UIInterfaceOrientationLandscapeLeft UIInterfaceOrientationLandscapeRight";
				LD_RUNPATH_SEARCH_PATHS = (
					"$(inherited)",
					"@executable_path/Frameworks",
				);
				MARKETING_VERSION = 1.0;
				PRODUCT_BUNDLE_IDENTIFIER = com.harshgoyal.VisualFit;
				PRODUCT_NAME = "$(TARGET_NAME)";
				SWIFT_EMIT_LOC_STRINGS = YES;
				SWIFT_VERSION = 5.0;
				TARGETED_DEVICE_FAMILY = "1,2";
			};
			name = Debug;
		};
		630F2F1D2BC6338500FF9C08 /* Release */ = {
			isa = XCBuildConfiguration;
			buildSettings = {
				ASSETCATALOG_COMPILER_APPICON_NAME = AppIcon;
				ASSETCATALOG_COMPILER_GLOBAL_ACCENT_COLOR_NAME = AccentColor;
				CODE_SIGN_STYLE = Automatic;
				CURRENT_PROJECT_VERSION = 1;
				DEVELOPMENT_TEAM = 49J567AKZX;
				GENERATE_INFOPLIST_FILE = YES;
				INFOPLIST_FILE = VisualFit/Info.plist;
				INFOPLIST_KEY_UIApplicationSupportsIndirectInputEvents = YES;
				INFOPLIST_KEY_UILaunchStoryboardName = LaunchScreen;
				INFOPLIST_KEY_UIMainStoryboardFile = Main;
				INFOPLIST_KEY_UISupportedInterfaceOrientations_iPad = "UIInterfaceOrientationPortrait UIInterfaceOrientationPortraitUpsideDown UIInterfaceOrientationLandscapeLeft UIInterfaceOrientationLandscapeRight";
				INFOPLIST_KEY_UISupportedInterfaceOrientations_iPhone = "UIInterfaceOrientationPortrait UIInterfaceOrientationLandscapeLeft UIInterfaceOrientationLandscapeRight";
				LD_RUNPATH_SEARCH_PATHS = (
					"$(inherited)",
					"@executable_path/Frameworks",
				);
				MARKETING_VERSION = 1.0;
				PRODUCT_BUNDLE_IDENTIFIER = com.harshgoyal.VisualFit;
				PRODUCT_NAME = "$(TARGET_NAME)";
				SWIFT_EMIT_LOC_STRINGS = YES;
				SWIFT_VERSION = 5.0;
				TARGETED_DEVICE_FAMILY = "1,2";
			};
			name = Release;
		};
/* End XCBuildConfiguration section */

/* Begin XCConfigurationList section */
		630F2F022BC6338400FF9C08 /* Build configuration list for PBXProject "VisualFit" */ = {
			isa = XCConfigurationList;
			buildConfigurations = (
				630F2F192BC6338500FF9C08 /* Debug */,
				630F2F1A2BC6338500FF9C08 /* Release */,
			);
			defaultConfigurationIsVisible = 0;
			defaultConfigurationName = Release;
		};
		630F2F1B2BC6338500FF9C08 /* Build configuration list for PBXNativeTarget "VisualFit" */ = {
			isa = XCConfigurationList;
			buildConfigurations = (
				630F2F1C2BC6338500FF9C08 /* Debug */,
				630F2F1D2BC6338500FF9C08 /* Release */,
			);
			defaultConfigurationIsVisible = 0;
			defaultConfigurationName = Release;
		};
/* End XCConfigurationList section */
	};
	rootObject = 630F2EFF2BC6338400FF9C08 /* Project object */;
}
